// !$*UTF8*$!
{
	archiveVersion = 1;
	classes = {
	};
	objectVersion = 50;
	objects = {

/* Begin PBXBuildFile section */
		476B227F26C58F0F00EB5C20 /* AppDelegate.swift in Sources */ = {isa = PBXBuildFile; fileRef = 476B227E26C58F0F00EB5C20 /* AppDelegate.swift */; };
		476B228126C58F0F00EB5C20 /* SceneDelegate.swift in Sources */ = {isa = PBXBuildFile; fileRef = 476B228026C58F0F00EB5C20 /* SceneDelegate.swift */; };
		476B228326C58F0F00EB5C20 /* ViewController.swift in Sources */ = {isa = PBXBuildFile; fileRef = 476B228226C58F0F00EB5C20 /* ViewController.swift */; };
		476B228626C58F0F00EB5C20 /* Main.storyboard in Resources */ = {isa = PBXBuildFile; fileRef = 476B228426C58F0F00EB5C20 /* Main.storyboard */; };
		476B228826C58F1200EB5C20 /* Assets.xcassets in Resources */ = {isa = PBXBuildFile; fileRef = 476B228726C58F1200EB5C20 /* Assets.xcassets */; };
		476B228B26C58F1200EB5C20 /* LaunchScreen.storyboard in Resources */ = {isa = PBXBuildFile; fileRef = 476B228926C58F1200EB5C20 /* LaunchScreen.storyboard */; };
		476B229626C58F1300EB5C20 /* I_am_RichTests.swift in Sources */ = {isa = PBXBuildFile; fileRef = 476B229526C58F1300EB5C20 /* I_am_RichTests.swift */; };
		476B22A126C58F1300EB5C20 /* I_am_RichUITests.swift in Sources */ = {isa = PBXBuildFile; fileRef = 476B22A026C58F1300EB5C20 /* I_am_RichUITests.swift */; };
/* End PBXBuildFile section */

/* Begin PBXContainerItemProxy section */
		476B229226C58F1300EB5C20 /* PBXContainerItemProxy */ = {
			isa = PBXContainerItemProxy;
			containerPortal = 476B227326C58F0F00EB5C20 /* Project object */;
			proxyType = 1;
			remoteGlobalIDString = 476B227A26C58F0F00EB5C20;
			remoteInfo = "I am Rich";
		};
		476B229D26C58F1300EB5C20 /* PBXContainerItemProxy */ = {
			isa = PBXContainerItemProxy;
			containerPortal = 476B227326C58F0F00EB5C20 /* Project object */;
			proxyType = 1;
			remoteGlobalIDString = 476B227A26C58F0F00EB5C20;
			remoteInfo = "I am Rich";
		};
/* End PBXContainerItemProxy section */

/* Begin PBXFileReference section */
		476B227B26C58F0F00EB5C20 /* I am Rich.app */ = {isa = PBXFileReference; explicitFileType = wrapper.application; includeInIndex = 0; path = "I am Rich.app"; sourceTree = BUILT_PRODUCTS_DIR; };
		476B227E26C58F0F00EB5C20 /* AppDelegate.swift */ = {isa = PBXFileReference; lastKnownFileType = sourcecode.swift; path = AppDelegate.swift; sourceTree = "<group>"; };
		476B228026C58F0F00EB5C20 /* SceneDelegate.swift */ = {isa = PBXFileReference; lastKnownFileType = sourcecode.swift; path = SceneDelegate.swift; sourceTree = "<group>"; };
		476B228226C58F0F00EB5C20 /* ViewController.swift */ = {isa = PBXFileReference; lastKnownFileType = sourcecode.swift; path = ViewController.swift; sourceTree = "<group>"; };
		476B228526C58F0F00EB5C20 /* Base */ = {isa = PBXFileReference; lastKnownFileType = file.storyboard; name = Base; path = Base.lproj/Main.storyboard; sourceTree = "<group>"; };
		476B228726C58F1200EB5C20 /* Assets.xcassets */ = {isa = PBXFileReference; lastKnownFileType = folder.assetcatalog; path = Assets.xcassets; sourceTree = "<group>"; };
		476B228A26C58F1200EB5C20 /* Base */ = {isa = PBXFileReference; lastKnownFileType = file.storyboard; name = Base; path = Base.lproj/LaunchScreen.storyboard; sourceTree = "<group>"; };
		476B228C26C58F1300EB5C20 /* Info.plist */ = {isa = PBXFileReference; lastKnownFileType = text.plist.xml; path = Info.plist; sourceTree = "<group>"; };
		476B229126C58F1300EB5C20 /* I am RichTests.xctest */ = {isa = PBXFileReference; explicitFileType = wrapper.cfbundle; includeInIndex = 0; path = "I am RichTests.xctest"; sourceTree = BUILT_PRODUCTS_DIR; };
		476B229526C58F1300EB5C20 /* I_am_RichTests.swift */ = {isa = PBXFileReference; lastKnownFileType = sourcecode.swift; path = I_am_RichTests.swift; sourceTree = "<group>"; };
		476B229726C58F1300EB5C20 /* Info.plist */ = {isa = PBXFileReference; lastKnownFileType = text.plist.xml; path = Info.plist; sourceTree = "<group>"; };
		476B229C26C58F1300EB5C20 /* I am RichUITests.xctest */ = {isa = PBXFileReference; explicitFileType = wrapper.cfbundle; includeInIndex = 0; path = "I am RichUITests.xctest"; sourceTree = BUILT_PRODUCTS_DIR; };
		476B22A026C58F1300EB5C20 /* I_am_RichUITests.swift */ = {isa = PBXFileReference; lastKnownFileType = sourcecode.swift; path = I_am_RichUITests.swift; sourceTree = "<group>"; };
		476B22A226C58F1300EB5C20 /* Info.plist */ = {isa = PBXFileReference; lastKnownFileType = text.plist.xml; path = Info.plist; sourceTree = "<group>"; };
/* End PBXFileReference section */

/* Begin PBXFrameworksBuildPhase section */
		476B227826C58F0F00EB5C20 /* Frameworks */ = {
			isa = PBXFrameworksBuildPhase;
			buildActionMask = 2147483647;
			files = (
			);
			runOnlyForDeploymentPostprocessing = 0;
		};
		476B228E26C58F1300EB5C20 /* Frameworks */ = {
			isa = PBXFrameworksBuildPhase;
			buildActionMask = 2147483647;
			files = (
			);
			runOnlyForDeploymentPostprocessing = 0;
		};
		476B229926C58F1300EB5C20 /* Frameworks */ = {
			isa = PBXFrameworksBuildPhase;
			buildActionMask = 2147483647;
			files = (
			);
			runOnlyForDeploymentPostprocessing = 0;
		};
/* End PBXFrameworksBuildPhase section */

/* Begin PBXGroup section */
		476B227226C58F0F00EB5C20 = {
			isa = PBXGroup;
			children = (
				476B227D26C58F0F00EB5C20 /* I am Rich */,
				476B229426C58F1300EB5C20 /* I am RichTests */,
				476B229F26C58F1300EB5C20 /* I am RichUITests */,
				476B227C26C58F0F00EB5C20 /* Products */,
			);
			sourceTree = "<group>";
		};
		476B227C26C58F0F00EB5C20 /* Products */ = {
			isa = PBXGroup;
			children = (
				476B227B26C58F0F00EB5C20 /* I am Rich.app */,
				476B229126C58F1300EB5C20 /* I am RichTests.xctest */,
				476B229C26C58F1300EB5C20 /* I am RichUITests.xctest */,
			);
			name = Products;
			sourceTree = "<group>";
		};
		476B227D26C58F0F00EB5C20 /* I am Rich */ = {
			isa = PBXGroup;
			children = (
				476B227E26C58F0F00EB5C20 /* AppDelegate.swift */,
				476B228026C58F0F00EB5C20 /* SceneDelegate.swift */,
				476B228226C58F0F00EB5C20 /* ViewController.swift */,
				476B228426C58F0F00EB5C20 /* Main.storyboard */,
				476B228726C58F1200EB5C20 /* Assets.xcassets */,
				476B228926C58F1200EB5C20 /* LaunchScreen.storyboard */,
				476B228C26C58F1300EB5C20 /* Info.plist */,
			);
			path = "I am Rich";
			sourceTree = "<group>";
		};
		476B229426C58F1300EB5C20 /* I am RichTests */ = {
			isa = PBXGroup;
			children = (
				476B229526C58F1300EB5C20 /* I_am_RichTests.swift */,
				476B229726C58F1300EB5C20 /* Info.plist */,
			);
			path = "I am RichTests";
			sourceTree = "<group>";
		};
		476B229F26C58F1300EB5C20 /* I am RichUITests */ = {
			isa = PBXGroup;
			children = (
				476B22A026C58F1300EB5C20 /* I_am_RichUITests.swift */,
				476B22A226C58F1300EB5C20 /* Info.plist */,
			);
			path = "I am RichUITests";
			sourceTree = "<group>";
		};
/* End PBXGroup section */

/* Begin PBXNativeTarget section */
		476B227A26C58F0F00EB5C20 /* I am Rich */ = {
			isa = PBXNativeTarget;
			buildConfigurationList = 476B22A526C58F1300EB5C20 /* Build configuration list for PBXNativeTarget "I am Rich" */;
			buildPhases = (
				476B227726C58F0F00EB5C20 /* Sources */,
				476B227826C58F0F00EB5C20 /* Frameworks */,
				476B227926C58F0F00EB5C20 /* Resources */,
			);
			buildRules = (
			);
			dependencies = (
			);
			name = "I am Rich";
			productName = "I am Rich";
			productReference = 476B227B26C58F0F00EB5C20 /* I am Rich.app */;
			productType = "com.apple.product-type.application";
		};
		476B229026C58F1300EB5C20 /* I am RichTests */ = {
			isa = PBXNativeTarget;
			buildConfigurationList = 476B22A826C58F1300EB5C20 /* Build configuration list for PBXNativeTarget "I am RichTests" */;
			buildPhases = (
				476B228D26C58F1300EB5C20 /* Sources */,
				476B228E26C58F1300EB5C20 /* Frameworks */,
				476B228F26C58F1300EB5C20 /* Resources */,
			);
			buildRules = (
			);
			dependencies = (
				476B229326C58F1300EB5C20 /* PBXTargetDependency */,
			);
			name = "I am RichTests";
			productName = "I am RichTests";
			productReference = 476B229126C58F1300EB5C20 /* I am RichTests.xctest */;
			productType = "com.apple.product-type.bundle.unit-test";
		};
		476B229B26C58F1300EB5C20 /* I am RichUITests */ = {
			isa = PBXNativeTarget;
			buildConfigurationList = 476B22AB26C58F1300EB5C20 /* Build configuration list for PBXNativeTarget "I am RichUITests" */;
			buildPhases = (
				476B229826C58F1300EB5C20 /* Sources */,
				476B229926C58F1300EB5C20 /* Frameworks */,
				476B229A26C58F1300EB5C20 /* Resources */,
			);
			buildRules = (
			);
			dependencies = (
				476B229E26C58F1300EB5C20 /* PBXTargetDependency */,
			);
			name = "I am RichUITests";
			productName = "I am RichUITests";
			productReference = 476B229C26C58F1300EB5C20 /* I am RichUITests.xctest */;
			productType = "com.apple.product-type.bundle.ui-testing";
		};
/* End PBXNativeTarget section */

/* Begin PBXProject section */
		476B227326C58F0F00EB5C20 /* Project object */ = {
			isa = PBXProject;
			attributes = {
				LastSwiftUpdateCheck = 1250;
				LastUpgradeCheck = 1250;
				TargetAttributes = {
					476B227A26C58F0F00EB5C20 = {
						CreatedOnToolsVersion = 12.5.1;
					};
					476B229026C58F1300EB5C20 = {
						CreatedOnToolsVersion = 12.5.1;
						TestTargetID = 476B227A26C58F0F00EB5C20;
					};
					476B229B26C58F1300EB5C20 = {
						CreatedOnToolsVersion = 12.5.1;
						TestTargetID = 476B227A26C58F0F00EB5C20;
					};
				};
			};
			buildConfigurationList = 476B227626C58F0F00EB5C20 /* Build configuration list for PBXProject "I am Rich" */;
			compatibilityVersion = "Xcode 9.3";
			developmentRegion = en;
			hasScannedForEncodings = 0;
			knownRegions = (
				en,
				Base,
			);
			mainGroup = 476B227226C58F0F00EB5C20;
			productRefGroup = 476B227C26C58F0F00EB5C20 /* Products */;
			projectDirPath = "";
			projectRoot = "";
			targets = (
				476B227A26C58F0F00EB5C20 /* I am Rich */,
				476B229026C58F1300EB5C20 /* I am RichTests */,
				476B229B26C58F1300EB5C20 /* I am RichUITests */,
			);
		};
/* End PBXProject section */

/* Begin PBXResourcesBuildPhase section */
		476B227926C58F0F00EB5C20 /* Resources */ = {
			isa = PBXResourcesBuildPhase;
			buildActionMask = 2147483647;
			files = (
				476B228B26C58F1200EB5C20 /* LaunchScreen.storyboard in Resources */,
				476B228826C58F1200EB5C20 /* Assets.xcassets in Resources */,
				476B228626C58F0F00EB5C20 /* Main.storyboard in Resources */,
			);
			runOnlyForDeploymentPostprocessing = 0;
		};
		476B228F26C58F1300EB5C20 /* Resources */ = {
			isa = PBXResourcesBuildPhase;
			buildActionMask = 2147483647;
			files = (
			);
			runOnlyForDeploymentPostprocessing = 0;
		};
		476B229A26C58F1300EB5C20 /* Resources */ = {
			isa = PBXResourcesBuildPhase;
			buildActionMask = 2147483647;
			files = (
			);
			runOnlyForDeploymentPostprocessing = 0;
		};
/* End PBXResourcesBuildPhase section */

/* Begin PBXSourcesBuildPhase section */
		476B227726C58F0F00EB5C20 /* Sources */ = {
			isa = PBXSourcesBuildPhase;
			buildActionMask = 2147483647;
			files = (
				476B228326C58F0F00EB5C20 /* ViewController.swift in Sources */,
				476B227F26C58F0F00EB5C20 /* AppDelegate.swift in Sources */,
				476B228126C58F0F00EB5C20 /* SceneDelegate.swift in Sources */,
			);
			runOnlyForDeploymentPostprocessing = 0;
		};
		476B228D26C58F1300EB5C20 /* Sources */ = {
			isa = PBXSourcesBuildPhase;
			buildActionMask = 2147483647;
			files = (
				476B229626C58F1300EB5C20 /* I_am_RichTests.swift in Sources */,
			);
			runOnlyForDeploymentPostprocessing = 0;
		};
		476B229826C58F1300EB5C20 /* Sources */ = {
			isa = PBXSourcesBuildPhase;
			buildActionMask = 2147483647;
			files = (
				476B22A126C58F1300EB5C20 /* I_am_RichUITests.swift in Sources */,
			);
			runOnlyForDeploymentPostprocessing = 0;
		};
/* End PBXSourcesBuildPhase section */

/* Begin PBXTargetDependency section */
		476B229326C58F1300EB5C20 /* PBXTargetDependency */ = {
			isa = PBXTargetDependency;
			target = 476B227A26C58F0F00EB5C20 /* I am Rich */;
			targetProxy = 476B229226C58F1300EB5C20 /* PBXContainerItemProxy */;
		};
		476B229E26C58F1300EB5C20 /* PBXTargetDependency */ = {
			isa = PBXTargetDependency;
			target = 476B227A26C58F0F00EB5C20 /* I am Rich */;
			targetProxy = 476B229D26C58F1300EB5C20 /* PBXContainerItemProxy */;
		};
/* End PBXTargetDependency section */

/* Begin PBXVariantGroup section */
		476B228426C58F0F00EB5C20 /* Main.storyboard */ = {
			isa = PBXVariantGroup;
			children = (
				476B228526C58F0F00EB5C20 /* Base */,
			);
			name = Main.storyboard;
			sourceTree = "<group>";
		};
		476B228926C58F1200EB5C20 /* LaunchScreen.storyboard */ = {
			isa = PBXVariantGroup;
			children = (
				476B228A26C58F1200EB5C20 /* Base */,
			);
			name = LaunchScreen.storyboard;
			sourceTree = "<group>";
		};
/* End PBXVariantGroup section */

/* Begin XCBuildConfiguration section */
		476B22A326C58F1300EB5C20 /* Debug */ = {
			isa = XCBuildConfiguration;
			buildSettings = {
				ALWAYS_SEARCH_USER_PATHS = NO;
				CLANG_ANALYZER_NONNULL = YES;
				CLANG_ANALYZER_NUMBER_OBJECT_CONVERSION = YES_AGGRESSIVE;
				CLANG_CXX_LANGUAGE_STANDARD = "gnu++14";
				CLANG_CXX_LIBRARY = "libc++";
				CLANG_ENABLE_MODULES = YES;
				CLANG_ENABLE_OBJC_ARC = YES;
				CLANG_ENABLE_OBJC_WEAK = YES;
				CLANG_WARN_BLOCK_CAPTURE_AUTORELEASING = YES;
				CLANG_WARN_BOOL_CONVERSION = YES;
				CLANG_WARN_COMMA = YES;
				CLANG_WARN_CONSTANT_CONVERSION = YES;
				CLANG_WARN_DEPRECATED_OBJC_IMPLEMENTATIONS = YES;
				CLANG_WARN_DIRECT_OBJC_ISA_USAGE = YES_ERROR;
				CLANG_WARN_DOCUMENTATION_COMMENTS = YES;
				CLANG_WARN_EMPTY_BODY = YES;
				CLANG_WARN_ENUM_CONVERSION = YES;
				CLANG_WARN_INFINITE_RECURSION = YES;
				CLANG_WARN_INT_CONVERSION = YES;
				CLANG_WARN_NON_LITERAL_NULL_CONVERSION = YES;
				CLANG_WARN_OBJC_IMPLICIT_RETAIN_SELF = YES;
				CLANG_WARN_OBJC_LITERAL_CONVERSION = YES;
				CLANG_WARN_OBJC_ROOT_CLASS = YES_ERROR;
				CLANG_WARN_QUOTED_INCLUDE_IN_FRAMEWORK_HEADER = YES;
				CLANG_WARN_RANGE_LOOP_ANALYSIS = YES;
				CLANG_WARN_STRICT_PROTOTYPES = YES;
				CLANG_WARN_SUSPICIOUS_MOVE = YES;
				CLANG_WARN_UNGUARDED_AVAILABILITY = YES_AGGRESSIVE;
				CLANG_WARN_UNREACHABLE_CODE = YES;
				CLANG_WARN__DUPLICATE_METHOD_MATCH = YES;
				COPY_PHASE_STRIP = NO;
				DEBUG_INFORMATION_FORMAT = dwarf;
				ENABLE_STRICT_OBJC_MSGSEND = YES;
				ENABLE_TESTABILITY = YES;
				GCC_C_LANGUAGE_STANDARD = gnu11;
				GCC_DYNAMIC_NO_PIC = NO;
				GCC_NO_COMMON_BLOCKS = YES;
				GCC_OPTIMIZATION_LEVEL = 0;
				GCC_PREPROCESSOR_DEFINITIONS = (
					"DEBUG=1",
					"$(inherited)",
				);
				GCC_WARN_64_TO_32_BIT_CONVERSION = YES;
				GCC_WARN_ABOUT_RETURN_TYPE = YES_ERROR;
				GCC_WARN_UNDECLARED_SELECTOR = YES;
				GCC_WARN_UNINITIALIZED_AUTOS = YES_AGGRESSIVE;
				GCC_WARN_UNUSED_FUNCTION = YES;
				GCC_WARN_UNUSED_VARIABLE = YES;
				IPHONEOS_DEPLOYMENT_TARGET = 14.5;
				MTL_ENABLE_DEBUG_INFO = INCLUDE_SOURCE;
				MTL_FAST_MATH = YES;
				ONLY_ACTIVE_ARCH = YES;
				SDKROOT = iphoneos;
				SWIFT_ACTIVE_COMPILATION_CONDITIONS = DEBUG;
				SWIFT_OPTIMIZATION_LEVEL = "-Onone";
			};
			name = Debug;
		};
		476B22A426C58F1300EB5C20 /* Release */ = {
			isa = XCBuildConfiguration;
			buildSettings = {
				ALWAYS_SEARCH_USER_PATHS = NO;
				CLANG_ANALYZER_NONNULL = YES;
				CLANG_ANALYZER_NUMBER_OBJECT_CONVERSION = YES_AGGRESSIVE;
				CLANG_CXX_LANGUAGE_STANDARD = "gnu++14";
				CLANG_CXX_LIBRARY = "libc++";
				CLANG_ENABLE_MODULES = YES;
				CLANG_ENABLE_OBJC_ARC = YES;
				CLANG_ENABLE_OBJC_WEAK = YES;
				CLANG_WARN_BLOCK_CAPTURE_AUTORELEASING = YES;
				CLANG_WARN_BOOL_CONVERSION = YES;
				CLANG_WARN_COMMA = YES;
				CLANG_WARN_CONSTANT_CONVERSION = YES;
				CLANG_WARN_DEPRECATED_OBJC_IMPLEMENTATIONS = YES;
				CLANG_WARN_DIRECT_OBJC_ISA_USAGE = YES_ERROR;
				CLANG_WARN_DOCUMENTATION_COMMENTS = YES;
				CLANG_WARN_EMPTY_BODY = YES;
				CLANG_WARN_ENUM_CONVERSION = YES;
				CLANG_WARN_INFINITE_RECURSION = YES;
				CLANG_WARN_INT_CONVERSION = YES;
				CLANG_WARN_NON_LITERAL_NULL_CONVERSION = YES;
				CLANG_WARN_OBJC_IMPLICIT_RETAIN_SELF = YES;
				CLANG_WARN_OBJC_LITERAL_CONVERSION = YES;
				CLANG_WARN_OBJC_ROOT_CLASS = YES_ERROR;
				CLANG_WARN_QUOTED_INCLUDE_IN_FRAMEWORK_HEADER = YES;
				CLANG_WARN_RANGE_LOOP_ANALYSIS = YES;
				CLANG_WARN_STRICT_PROTOTYPES = YES;
				CLANG_WARN_SUSPICIOUS_MOVE = YES;
				CLANG_WARN_UNGUARDED_AVAILABILITY = YES_AGGRESSIVE;
				CLANG_WARN_UNREACHABLE_CODE = YES;
				CLANG_WARN__DUPLICATE_METHOD_MATCH = YES;
				COPY_PHASE_STRIP = NO;
				DEBUG_INFORMATION_FORMAT = "dwarf-with-dsym";
				ENABLE_NS_ASSERTIONS = NO;
				ENABLE_STRICT_OBJC_MSGSEND = YES;
				GCC_C_LANGUAGE_STANDARD = gnu11;
				GCC_NO_COMMON_BLOCKS = YES;
				GCC_WARN_64_TO_32_BIT_CONVERSION = YES;
				GCC_WARN_ABOUT_RETURN_TYPE = YES_ERROR;
				GCC_WARN_UNDECLARED_SELECTOR = YES;
				GCC_WARN_UNINITIALIZED_AUTOS = YES_AGGRESSIVE;
				GCC_WARN_UNUSED_FUNCTION = YES;
				GCC_WARN_UNUSED_VARIABLE = YES;
				IPHONEOS_DEPLOYMENT_TARGET = 14.5;
				MTL_ENABLE_DEBUG_INFO = NO;
				MTL_FAST_MATH = YES;
				SDKROOT = iphoneos;
				SWIFT_COMPILATION_MODE = wholemodule;
				SWIFT_OPTIMIZATION_LEVEL = "-O";
				VALIDATE_PRODUCT = YES;
			};
			name = Release;
		};
		476B22A626C58F1300EB5C20 /* Debug */ = {
			isa = XCBuildConfiguration;
			buildSettings = {
				ASSETCATALOG_COMPILER_APPICON_NAME = AppIcon;
				ASSETCATALOG_COMPILER_GLOBAL_ACCENT_COLOR_NAME = AccentColor;
				CODE_SIGN_STYLE = Automatic;
				DEVELOPMENT_TEAM = TZGL6R438Y;
				INFOPLIST_FILE = "I am Rich/Info.plist";
				LD_RUNPATH_SEARCH_PATHS = (
					"$(inherited)",
					"@executable_path/Frameworks",
				);
				PRODUCT_BUNDLE_IDENTIFIER = "com.eunsung-dev.I-am-Rich";
				PRODUCT_NAME = "$(TARGET_NAME)";
				SWIFT_VERSION = 5.0;
				TARGETED_DEVICE_FAMILY = "1,2";
			};
			name = Debug;
		};
		476B22A726C58F1300EB5C20 /* Release */ = {
			isa = XCBuildConfiguration;
			buildSettings = {
				ASSETCATALOG_COMPILER_APPICON_NAME = AppIcon;
				ASSETCATALOG_COMPILER_GLOBAL_ACCENT_COLOR_NAME = AccentColor;
				CODE_SIGN_STYLE = Automatic;
				DEVELOPMENT_TEAM = TZGL6R438Y;
				INFOPLIST_FILE = "I am Rich/Info.plist";
				LD_RUNPATH_SEARCH_PATHS = (
					"$(inherited)",
					"@executable_path/Frameworks",
				);
				PRODUCT_BUNDLE_IDENTIFIER = "com.eunsung-dev.I-am-Rich";
				PRODUCT_NAME = "$(TARGET_NAME)";
				SWIFT_VERSION = 5.0;
				TARGETED_DEVICE_FAMILY = "1,2";
			};
			name = Release;
		};
		476B22A926C58F1300EB5C20 /* Debug */ = {
			isa = XCBuildConfiguration;
			buildSettings = {
				ALWAYS_EMBED_SWIFT_STANDARD_LIBRARIES = YES;
				BUNDLE_LOADER = "$(TEST_HOST)";
				CODE_SIGN_STYLE = Automatic;
				INFOPLIST_FILE = "I am RichTests/Info.plist";
				IPHONEOS_DEPLOYMENT_TARGET = 14.5;
				LD_RUNPATH_SEARCH_PATHS = (
					"$(inherited)",
					"@executable_path/Frameworks",
					"@loader_path/Frameworks",
				);
				PRODUCT_BUNDLE_IDENTIFIER = "com.eunsung-dev.I-am-RichTests";
				PRODUCT_NAME = "$(TARGET_NAME)";
				SWIFT_VERSION = 5.0;
				TARGETED_DEVICE_FAMILY = "1,2";
				TEST_HOST = "$(BUILT_PRODUCTS_DIR)/I am Rich.app/I am Rich";
			};
			name = Debug;
		};
		476B22AA26C58F1300EB5C20 /* Release */ = {
			isa = XCBuildConfiguration;
			buildSettings = {
				ALWAYS_EMBED_SWIFT_STANDARD_LIBRARIES = YES;
				BUNDLE_LOADER = "$(TEST_HOST)";
				CODE_SIGN_STYLE = Automatic;
				INFOPLIST_FILE = "I am RichTests/Info.plist";
				IPHONEOS_DEPLOYMENT_TARGET = 14.5;
				LD_RUNPATH_SEARCH_PATHS = (
					"$(inherited)",
					"@executable_path/Frameworks",
					"@loader_path/Frameworks",
				);
				PRODUCT_BUNDLE_IDENTIFIER = "com.eunsung-dev.I-am-RichTests";
				PRODUCT_NAME = "$(TARGET_NAME)";
				SWIFT_VERSION = 5.0;
				TARGETED_DEVICE_FAMILY = "1,2";
				TEST_HOST = "$(BUILT_PRODUCTS_DIR)/I am Rich.app/I am Rich";
			};
			name = Release;
		};
		476B22AC26C58F1300EB5C20 /* Debug */ = {
			isa = XCBuildConfiguration;
			buildSettings = {
				ALWAYS_EMBED_SWIFT_STANDARD_LIBRARIES = YES;
				CODE_SIGN_STYLE = Automatic;
				INFOPLIST_FILE = "I am RichUITests/Info.plist";
				LD_RUNPATH_SEARCH_PATHS = (
					"$(inherited)",
					"@executable_path/Frameworks",
					"@loader_path/Frameworks",
				);
				PRODUCT_BUNDLE_IDENTIFIER = "com.eunsung-dev.I-am-RichUITests";
				PRODUCT_NAME = "$(TARGET_NAME)";
				SWIFT_VERSION = 5.0;
				TARGETED_DEVICE_FAMILY = "1,2";
				TEST_TARGET_NAME = "I am Rich";
			};
			name = Debug;
		};
		476B22AD26C58F1300EB5C20 /* Release */ = {
			isa = XCBuildConfiguration;
			buildSettings = {
				ALWAYS_EMBED_SWIFT_STANDARD_LIBRARIES = YES;
				CODE_SIGN_STYLE = Automatic;
				INFOPLIST_FILE = "I am RichUITests/Info.plist";
				LD_RUNPATH_SEARCH_PATHS = (
					"$(inherited)",
					"@executable_path/Frameworks",
					"@loader_path/Frameworks",
				);
				PRODUCT_BUNDLE_IDENTIFIER = "com.eunsung-dev.I-am-RichUITests";
				PRODUCT_NAME = "$(TARGET_NAME)";
				SWIFT_VERSION = 5.0;
				TARGETED_DEVICE_FAMILY = "1,2";
				TEST_TARGET_NAME = "I am Rich";
			};
			name = Release;
		};
/* End XCBuildConfiguration section */

/* Begin XCConfigurationList section */
		476B227626C58F0F00EB5C20 /* Build configuration list for PBXProject "I am Rich" */ = {
			isa = XCConfigurationList;
			buildConfigurations = (
				476B22A326C58F1300EB5C20 /* Debug */,
				476B22A426C58F1300EB5C20 /* Release */,
			);
			defaultConfigurationIsVisible = 0;
			defaultConfigurationName = Release;
		};
		476B22A526C58F1300EB5C20 /* Build configuration list for PBXNativeTarget "I am Rich" */ = {
			isa = XCConfigurationList;
			buildConfigurations = (
				476B22A626C58F1300EB5C20 /* Debug */,
				476B22A726C58F1300EB5C20 /* Release */,
			);
			defaultConfigurationIsVisible = 0;
			defaultConfigurationName = Release;
		};
		476B22A826C58F1300EB5C20 /* Build configuration list for PBXNativeTarget "I am RichTests" */ = {
			isa = XCConfigurationList;
			buildConfigurations = (
				476B22A926C58F1300EB5C20 /* Debug */,
				476B22AA26C58F1300EB5C20 /* Release */,
			);
			defaultConfigurationIsVisible = 0;
			defaultConfigurationName = Release;
		};
		476B22AB26C58F1300EB5C20 /* Build configuration list for PBXNativeTarget "I am RichUITests" */ = {
			isa = XCConfigurationList;
			buildConfigurations = (
				476B22AC26C58F1300EB5C20 /* Debug */,
				476B22AD26C58F1300EB5C20 /* Release */,
			);
			defaultConfigurationIsVisible = 0;
			defaultConfigurationName = Release;
		};
/* End XCConfigurationList section */
	};
	rootObject = 476B227326C58F0F00EB5C20 /* Project object */;
}
